schema: '2.0'
stages:
  data_ingestion:
    cmd: python src/cnnClassifier/pipeline/Stage_01_data_ingestion.py
    deps:
    - path: config/config.yaml
      hash: md5
      md5: 84e4b4169afce869707a88e9f755c019
      size: 578
    - path: src/cnnClassifier/pipeline/Stage_01_data_ingestion.py
      hash: md5
      md5: 84a94cab4a402fb34edf38a19ce44658
      size: 916
    outs:
    - path: artifacts/data_ingestion/Chest-CT-Scan-data
      hash: md5
      md5: 904fa45d934ce879b3b1933dca6cb2f1.dir
      size: 49247431
      nfiles: 343
  prepare_base_model:
    cmd: python src/cnnClassifier/pipeline/stage_02_prepare_base_model.py
    deps:
    - path: config/config.yaml
      hash: md5
      md5: 84e4b4169afce869707a88e9f755c019
      size: 578
    - path: src/cnnClassifier/pipeline/stage_02_prepare_base_model.py
      hash: md5
      md5: 29618b80be7692a82ded3e29bdc71ecd
      size: 1015
    params:
      params.yaml:
        CLASSES: 2
        IMAGE_SIZE:
        - 224
        - 224
        - 3
        INCLUDE_TOP: false
        LEARNING_RATE: 0.01
        WEIGHTS: imagenet
    outs:
    - path: artifacts/prepare_base_model
      hash: md5
      md5: 99f520e2c6a33ce145b70e9c319c2ac5.dir
      size: 118054560
      nfiles: 2
  training:
    cmd: python src/cnnClassifier/pipeline/stage_03_model_trainer.py
    deps:
    - path: artifacts/data_ingestion/Chest-CT-Scan-data
      hash: md5
      md5: 904fa45d934ce879b3b1933dca6cb2f1.dir
      size: 49247431
      nfiles: 343
    - path: artifacts/prepare_base_model
      hash: md5
      md5: 99f520e2c6a33ce145b70e9c319c2ac5.dir
      size: 118054560
      nfiles: 2
    - path: config/config.yaml
      hash: md5
      md5: 84e4b4169afce869707a88e9f755c019
      size: 578
    - path: src/cnnClassifier/pipeline/stage_03_model_trainer.py
      hash: md5
      md5: 7655a527b0bf0a2ac89e544e34ced02d
      size: 960
    params:
      params.yaml:
        AUGMENTATION: true
        BATCH_SIZE: 16
        EPOCHS: 2
        IMAGE_SIZE:
        - 224
        - 224
        - 3
    outs:
    - path: artifacts/training/model.h5
      hash: md5
      md5: 125fff2cb9a40f9dbb839599bd55d08c
      size: 59337520
  evaluation:
    cmd: python src/cnnClassifier/pipeline/stage_04_model_evaluation_mlflow.py
    deps:
    - path: artifacts/data_ingestion/Chest-CT-Scan-data
      hash: md5
      md5: 904fa45d934ce879b3b1933dca6cb2f1.dir
      size: 49247431
      nfiles: 343
    - path: artifacts/training/model.h5
      hash: md5
      md5: 125fff2cb9a40f9dbb839599bd55d08c
      size: 59337520
    - path: config/config.yaml
      hash: md5
      md5: 84e4b4169afce869707a88e9f755c019
      size: 578
    - path: src/cnnClassifier/pipeline/stage_04_model_evaluation_mlflow.py
      hash: md5
      md5: fc0dd54b0fbb6af7e5480d6e211eec2f
      size: 938
    params:
      params.yaml:
        BATCH_SIZE: 16
        IMAGE_SIZE:
        - 224
        - 224
        - 3
    outs:
    - path: scores.json
      hash: md5
      md5: a75d73a8d45380dfc317bcc301db5908
      size: 72
